
Microsoft Visual Studio Solution File, Format Version 12.00
# Visual Studio 15
VisualStudioVersion = 15.0.26430.13
MinimumVisualStudioVersion = 10.0.40219.1
Project("{FAE04EC0-301F-11D3-BF4B-00C04F79EFBC}") = "RantApp.UI", "RantApp.UI\RantApp.UI.csproj", "{BF5236B9-08F4-4434-B6F5-3EB1FF73BC16}"
EndProject
Project("{FAE04EC0-301F-11D3-BF4B-00C04F79EFBC}") = "RantApp.BLL", "RantApp.BLL\RantApp.BLL.csproj", "{13A8CC6C-8BCA-4023-880F-D927DEA352E4}"
EndProject
Project("{FAE04EC0-301F-11D3-BF4B-00C04F79EFBC}") = "RantApp.DAL", "RantApp.DAL\RantApp.DAL.csproj", "{14348185-D75A-431F-8BCF-321A21BFC45A}"
EndProject
Global
	GlobalSection(SolutionConfigurationPlatforms) = preSolution
		Debug|Any CPU = Debug|Any CPU
		Release|Any CPU = Release|Any CPU
	EndGlobalSection
	GlobalSection(ProjectConfigurationPlatforms) = postSolution
		{BF5236B9-08F4-4434-B6F5-3EB1FF73BC16}.Debug|Any CPU.ActiveCfg = Debug|Any CPU
		{BF5236B9-08F4-4434-B6F5-3EB1FF73BC16}.Debug|Any CPU.Build.0 = Debug|Any CPU
		{BF5236B9-08F4-4434-B6F5-3EB1FF73BC16}.Release|Any CPU.ActiveCfg = Release|Any CPU
		{BF5236B9-08F4-4434-B6F5-3EB1FF73BC16}.Release|Any CPU.Build.0 = Release|Any CPU
		{13A8CC6C-8BCA-4023-880F-D927DEA352E4}.Debug|Any CPU.ActiveCfg = Debug|Any CPU
		{13A8CC6C-8BCA-4023-880F-D927DEA352E4}.Debug|Any CPU.Build.0 = Debug|Any CPU
		{13A8CC6C-8BCA-4023-880F-D927DEA352E4}.Release|Any CPU.ActiveCfg = Release|Any CPU
		{13A8CC6C-8BCA-4023-880F-D927DEA352E4}.Release|Any CPU.Build.0 = Release|Any CPU
		{14348185-D75A-431F-8BCF-321A21BFC45A}.Debug|Any CPU.ActiveCfg = Debug|Any CPU
		{14348185-D75A-431F-8BCF-321A21BFC45A}.Debug|Any CPU.Build.0 = Debug|Any CPU
		{14348185-D75A-431F-8BCF-321A21BFC45A}.Release|Any CPU.ActiveCfg = Release|Any CPU
		{14348185-D75A-431F-8BCF-321A21BFC45A}.Release|Any CPU.Build.0 = Release|Any CPU
	EndGlobalSection
	GlobalSection(SolutionProperties) = preSolution
		HideSolutionNode = FALSE
	EndGlobalSection
EndGlobal
